
Microsoft Visual Studio Solution File, Format Version 12.00
# Visual Studio Version 17
VisualStudioVersion = 17.3.32825.248
MinimumVisualStudioVersion = 10.0.40219.1
Project("{9A19103F-16F7-4668-BE54-9A1E7A4F7556}") = "OneDriveSymlinker", "WinFormsApp1\OneDriveSymlinker.csproj", "{92A85651-A394-4B43-AE40-B747F61ED443}"
EndProject
Global
	GlobalSection(SolutionConfigurationPlatforms) = preSolution
		Debug|Any CPU = Debug|Any CPU
		Release|Any CPU = Release|Any CPU
	EndGlobalSection
	GlobalSection(ProjectConfigurationPlatforms) = postSolution
		{92A85651-A394-4B43-AE40-B747F61ED443}.Debug|Any CPU.ActiveCfg = Debug|Any CPU
		{92A85651-A394-4B43-AE40-B747F61ED443}.Debug|Any CPU.Build.0 = Debug|Any CPU
		{92A85651-A394-4B43-AE40-B747F61ED443}.Release|Any CPU.ActiveCfg = Release|Any CPU
		{92A85651-A394-4B43-AE40-B747F61ED443}.Release|Any CPU.Build.0 = Release|Any CPU
	EndGlobalSection
	GlobalSection(SolutionProperties) = preSolution
		HideSolutionNode = FALSE
	EndGlobalSection
	GlobalSection(ExtensibilityGlobals) = postSolution
		SolutionGuid = {DFA32CFB-3485-468C-A2E1-CD4CAD14445A}
	EndGlobalSection
EndGlobal
